// !$*UTF8*$!
{
	archiveVersion = 1;
	classes = {
	};
	objectVersion = 77;
	objects = {

/* Begin PBXContainerItemProxy section */
		F3541CE72E67225E0013EECE /* PBXContainerItemProxy */ = {
			isa = PBXContainerItemProxy;
			containerPortal = F3541CCE2E67225D0013EECE /* Project object */;
			proxyType = 1;
			remoteGlobalIDString = F3541CD52E67225D0013EECE;
			remoteInfo = smart_roll;
		};
		F3541CF12E67225E0013EECE /* PBXContainerItemProxy */ = {
			isa = PBXContainerItemProxy;
			containerPortal = F3541CCE2E67225D0013EECE /* Project object */;
			proxyType = 1;
			remoteGlobalIDString = F3541CD52E67225D0013EECE;
			remoteInfo = smart_roll;
		};
/* End PBXContainerItemProxy section */

/* Begin PBXFileReference section */
		F3541CD62E67225D0013EECE /* smart_roll.app */ = {isa = PBXFileReference; explicitFileType = wrapper.application; includeInIndex = 0; path = smart_roll.app; sourceTree = BUILT_PRODUCTS_DIR; };
		F3541CE62E67225E0013EECE /* smart_rollTests.xctest */ = {isa = PBXFileReference; explicitFileType = wrapper.cfbundle; includeInIndex = 0; path = smart_rollTests.xctest; sourceTree = BUILT_PRODUCTS_DIR; };
		F3541CF02E67225E0013EECE /* smart_rollUITests.xctest */ = {isa = PBXFileReference; explicitFileType = wrapper.cfbundle; includeInIndex = 0; path = smart_rollUITests.xctest; sourceTree = BUILT_PRODUCTS_DIR; };
/* End PBXFileReference section */

/* Begin PBXFileSystemSynchronizedRootGroup section */
		F3541CD82E67225D0013EECE /* smart_roll */ = {
			isa = PBXFileSystemSynchronizedRootGroup;
			path = smart_roll;
			sourceTree = "<group>";
		};
		F3541CE92E67225E0013EECE /* smart_rollTests */ = {
			isa = PBXFileSystemSynchronizedRootGroup;
			path = smart_rollTests;
			sourceTree = "<group>";
		};
		F3541CF32E67225E0013EECE /* smart_rollUITests */ = {
			isa = PBXFileSystemSynchronizedRootGroup;
			path = smart_rollUITests;
			sourceTree = "<group>";
		};
/* End PBXFileSystemSynchronizedRootGroup section */

/* Begin PBXFrameworksBuildPhase section */
		F3541CD32E67225D0013EECE /* Frameworks */ = {
			isa = PBXFrameworksBuildPhase;
			buildActionMask = 2147483647;
			files = (
			);
			runOnlyForDeploymentPostprocessing = 0;
		};
		F3541CE32E67225E0013EECE /* Frameworks */ = {
			isa = PBXFrameworksBuildPhase;
			buildActionMask = 2147483647;
			files = (
			);
			runOnlyForDeploymentPostprocessing = 0;
		};
		F3541CED2E67225E0013EECE /* Frameworks */ = {
			isa = PBXFrameworksBuildPhase;
			buildActionMask = 2147483647;
			files = (
			);
			runOnlyForDeploymentPostprocessing = 0;
		};
/* End PBXFrameworksBuildPhase section */

/* Begin PBXGroup section */
		F3541CCD2E67225D0013EECE = {
			isa = PBXGroup;
			children = (
				F3541CD82E67225D0013EECE /* smart_roll */,
				F3541CE92E67225E0013EECE /* smart_rollTests */,
				F3541CF32E67225E0013EECE /* smart_rollUITests */,
				F3541CD72E67225D0013EECE /* Products */,
			);
			sourceTree = "<group>";
		};
		F3541CD72E67225D0013EECE /* Products */ = {
			isa = PBXGroup;
			children = (
				F3541CD62E67225D0013EECE /* smart_roll.app */,
				F3541CE62E67225E0013EECE /* smart_rollTests.xctest */,
				F3541CF02E67225E0013EECE /* smart_rollUITests.xctest */,
			);
			name = Products;
			sourceTree = "<group>";
		};
/* End PBXGroup section */

/* Begin PBXNativeTarget section */
		F3541CD52E67225D0013EECE /* smart_roll */ = {
			isa = PBXNativeTarget;
			buildConfigurationList = F3541CFA2E67225E0013EECE /* Build configuration list for PBXNativeTarget "smart_roll" */;
			buildPhases = (
				F3541CD22E67225D0013EECE /* Sources */,
				F3541CD32E67225D0013EECE /* Frameworks */,
				F3541CD42E67225D0013EECE /* Resources */,
			);
			buildRules = (
			);
			dependencies = (
			);
			fileSystemSynchronizedGroups = (
				F3541CD82E67225D0013EECE /* smart_roll */,
			);
			name = smart_roll;
			packageProductDependencies = (
			);
			productName = smart_roll;
			productReference = F3541CD62E67225D0013EECE /* smart_roll.app */;
			productType = "com.apple.product-type.application";
		};
		F3541CE52E67225E0013EECE /* smart_rollTests */ = {
			isa = PBXNativeTarget;
			buildConfigurationList = F3541CFD2E67225E0013EECE /* Build configuration list for PBXNativeTarget "smart_rollTests" */;
			buildPhases = (
				F3541CE22E67225E0013EECE /* Sources */,
				F3541CE32E67225E0013EECE /* Frameworks */,
				F3541CE42E67225E0013EECE /* Resources */,
			);
			buildRules = (
			);
			dependencies = (
				F3541CE82E67225E0013EECE /* PBXTargetDependency */,
			);
			fileSystemSynchronizedGroups = (
				F3541CE92E67225E0013EECE /* smart_rollTests */,
			);
			name = smart_rollTests;
			packageProductDependencies = (
			);
			productName = smart_rollTests;
			productReference = F3541CE62E67225E0013EECE /* smart_rollTests.xctest */;
			productType = "com.apple.product-type.bundle.unit-test";
		};
		F3541CEF2E67225E0013EECE /* smart_rollUITests */ = {
			isa = PBXNativeTarget;
			buildConfigurationList = F3541D002E67225E0013EECE /* Build configuration list for PBXNativeTarget "smart_rollUITests" */;
			buildPhases = (
				F3541CEC2E67225E0013EECE /* Sources */,
				F3541CED2E67225E0013EECE /* Frameworks */,
				F3541CEE2E67225E0013EECE /* Resources */,
			);
			buildRules = (
			);
			dependencies = (
				F3541CF22E67225E0013EECE /* PBXTargetDependency */,
			);
			fileSystemSynchronizedGroups = (
				F3541CF32E67225E0013EECE /* smart_rollUITests */,
			);
			name = smart_rollUITests;
			packageProductDependencies = (
			);
			productName = smart_rollUITests;
			productReference = F3541CF02E67225E0013EECE /* smart_rollUITests.xctest */;
			productType = "com.apple.product-type.bundle.ui-testing";
		};
/* End PBXNativeTarget section */

/* Begin PBXProject section */
		F3541CCE2E67225D0013EECE /* Project object */ = {
			isa = PBXProject;
			attributes = {
				BuildIndependentTargetsInParallel = 1;
				LastSwiftUpdateCheck = 1620;
				LastUpgradeCheck = 1620;
				TargetAttributes = {
					F3541CD52E67225D0013EECE = {
						CreatedOnToolsVersion = 16.2;
					};
					F3541CE52E67225E0013EECE = {
						CreatedOnToolsVersion = 16.2;
						TestTargetID = F3541CD52E67225D0013EECE;
					};
					F3541CEF2E67225E0013EECE = {
						CreatedOnToolsVersion = 16.2;
						TestTargetID = F3541CD52E67225D0013EECE;
					};
				};
			};
			buildConfigurationList = F3541CD12E67225D0013EECE /* Build configuration list for PBXProject "smart_roll" */;
			developmentRegion = en;
			hasScannedForEncodings = 0;
			knownRegions = (
				en,
				Base,
			);
			mainGroup = F3541CCD2E67225D0013EECE;
			minimizedProjectReferenceProxies = 1;
			preferredProjectObjectVersion = 77;
			productRefGroup = F3541CD72E67225D0013EECE /* Products */;
			projectDirPath = "";
			projectRoot = "";
			targets = (
				F3541CD52E67225D0013EECE /* smart_roll */,
				F3541CE52E67225E0013EECE /* smart_rollTests */,
				F3541CEF2E67225E0013EECE /* smart_rollUITests */,
			);
		};
/* End PBXProject section */

/* Begin PBXResourcesBuildPhase section */
		F3541CD42E67225D0013EECE /* Resources */ = {
			isa = PBXResourcesBuildPhase;
			buildActionMask = 2147483647;
			files = (
			);
			runOnlyForDeploymentPostprocessing = 0;
		};
		F3541CE42E67225E0013EECE /* Resources */ = {
			isa = PBXResourcesBuildPhase;
			buildActionMask = 2147483647;
			files = (
			);
			runOnlyForDeploymentPostprocessing = 0;
		};
		F3541CEE2E67225E0013EECE /* Resources */ = {
			isa = PBXResourcesBuildPhase;
			buildActionMask = 2147483647;
			files = (
			);
			runOnlyForDeploymentPostprocessing = 0;
		};
/* End PBXResourcesBuildPhase section */

/* Begin PBXSourcesBuildPhase section */
		F3541CD22E67225D0013EECE /* Sources */ = {
			isa = PBXSourcesBuildPhase;
			buildActionMask = 2147483647;
			files = (
			);
			runOnlyForDeploymentPostprocessing = 0;
		};
		F3541CE22E67225E0013EECE /* Sources */ = {
			isa = PBXSourcesBuildPhase;
			buildActionMask = 2147483647;
			files = (
			);
			runOnlyForDeploymentPostprocessing = 0;
		};
		F3541CEC2E67225E0013EECE /* Sources */ = {
			isa = PBXSourcesBuildPhase;
			buildActionMask = 2147483647;
			files = (
			);
			runOnlyForDeploymentPostprocessing = 0;
		};
/* End PBXSourcesBuildPhase section */

/* Begin PBXTargetDependency section */
		F3541CE82E67225E0013EECE /* PBXTargetDependency */ = {
			isa = PBXTargetDependency;
			target = F3541CD52E67225D0013EECE /* smart_roll */;
			targetProxy = F3541CE72E67225E0013EECE /* PBXContainerItemProxy */;
		};
		F3541CF22E67225E0013EECE /* PBXTargetDependency */ = {
			isa = PBXTargetDependency;
			target = F3541CD52E67225D0013EECE /* smart_roll */;
			targetProxy = F3541CF12E67225E0013EECE /* PBXContainerItemProxy */;
		};
/* End PBXTargetDependency section */

/* Begin XCBuildConfiguration section */
		F3541CF82E67225E0013EECE /* Debug */ = {
			isa = XCBuildConfiguration;
			buildSettings = {
				ALWAYS_SEARCH_USER_PATHS = NO;
				ASSETCATALOG_COMPILER_GENERATE_SWIFT_ASSET_SYMBOL_EXTENSIONS = YES;
				CLANG_ANALYZER_NONNULL = YES;
				CLANG_ANALYZER_NUMBER_OBJECT_CONVERSION = YES_AGGRESSIVE;
				CLANG_CXX_LANGUAGE_STANDARD = "gnu++20";
				CLANG_ENABLE_MODULES = YES;
				CLANG_ENABLE_OBJC_ARC = YES;
				CLANG_ENABLE_OBJC_WEAK = YES;
				CLANG_WARN_BLOCK_CAPTURE_AUTORELEASING = YES;
				CLANG_WARN_BOOL_CONVERSION = YES;
				CLANG_WARN_COMMA = YES;
				CLANG_WARN_CONSTANT_CONVERSION = YES;
				CLANG_WARN_DEPRECATED_OBJC_IMPLEMENTATIONS = YES;
				CLANG_WARN_DIRECT_OBJC_ISA_USAGE = YES_ERROR;
				CLANG_WARN_DOCUMENTATION_COMMENTS = YES;
				CLANG_WARN_EMPTY_BODY = YES;
				CLANG_WARN_ENUM_CONVERSION = YES;
				CLANG_WARN_INFINITE_RECURSION = YES;
				CLANG_WARN_INT_CONVERSION = YES;
				CLANG_WARN_NON_LITERAL_NULL_CONVERSION = YES;
				CLANG_WARN_OBJC_IMPLICIT_RETAIN_SELF = YES;
				CLANG_WARN_OBJC_LITERAL_CONVERSION = YES;
				CLANG_WARN_OBJC_ROOT_CLASS = YES_ERROR;
				CLANG_WARN_QUOTED_INCLUDE_IN_FRAMEWORK_HEADER = YES;
				CLANG_WARN_RANGE_LOOP_ANALYSIS = YES;
				CLANG_WARN_STRICT_PROTOTYPES = YES;
				CLANG_WARN_SUSPICIOUS_MOVE = YES;
				CLANG_WARN_UNGUARDED_AVAILABILITY = YES_AGGRESSIVE;
				CLANG_WARN_UNREACHABLE_CODE = YES;
				CLANG_WARN__DUPLICATE_METHOD_MATCH = YES;
				COPY_PHASE_STRIP = NO;
				DEBUG_INFORMATION_FORMAT = dwarf;
				ENABLE_STRICT_OBJC_MSGSEND = YES;
				ENABLE_TESTABILITY = YES;
				ENABLE_USER_SCRIPT_SANDBOXING = YES;
				GCC_C_LANGUAGE_STANDARD = gnu17;
				GCC_DYNAMIC_NO_PIC = NO;
				GCC_NO_COMMON_BLOCKS = YES;
				GCC_OPTIMIZATION_LEVEL = 0;
				GCC_PREPROCESSOR_DEFINITIONS = (
					"DEBUG=1",
					"$(inherited)",
				);
				GCC_WARN_64_TO_32_BIT_CONVERSION = YES;
				GCC_WARN_ABOUT_RETURN_TYPE = YES_ERROR;
				GCC_WARN_UNDECLARED_SELECTOR = YES;
				GCC_WARN_UNINITIALIZED_AUTOS = YES_AGGRESSIVE;
				GCC_WARN_UNUSED_FUNCTION = YES;
				GCC_WARN_UNUSED_VARIABLE = YES;
				IPHONEOS_DEPLOYMENT_TARGET = 18.2;
				LOCALIZATION_PREFERS_STRING_CATALOGS = YES;
				MTL_ENABLE_DEBUG_INFO = INCLUDE_SOURCE;
				MTL_FAST_MATH = YES;
				ONLY_ACTIVE_ARCH = YES;
				SDKROOT = iphoneos;
				SWIFT_ACTIVE_COMPILATION_CONDITIONS = "DEBUG $(inherited)";
				SWIFT_OPTIMIZATION_LEVEL = "-Onone";
			};
			name = Debug;
		};
		F3541CF92E67225E0013EECE /* Release */ = {
			isa = XCBuildConfiguration;
			buildSettings = {
				ALWAYS_SEARCH_USER_PATHS = NO;
				ASSETCATALOG_COMPILER_GENERATE_SWIFT_ASSET_SYMBOL_EXTENSIONS = YES;
				CLANG_ANALYZER_NONNULL = YES;
				CLANG_ANALYZER_NUMBER_OBJECT_CONVERSION = YES_AGGRESSIVE;
				CLANG_CXX_LANGUAGE_STANDARD = "gnu++20";
				CLANG_ENABLE_MODULES = YES;
				CLANG_ENABLE_OBJC_ARC = YES;
				CLANG_ENABLE_OBJC_WEAK = YES;
				CLANG_WARN_BLOCK_CAPTURE_AUTORELEASING = YES;
				CLANG_WARN_BOOL_CONVERSION = YES;
				CLANG_WARN_COMMA = YES;
				CLANG_WARN_CONSTANT_CONVERSION = YES;
				CLANG_WARN_DEPRECATED_OBJC_IMPLEMENTATIONS = YES;
				CLANG_WARN_DIRECT_OBJC_ISA_USAGE = YES_ERROR;
				CLANG_WARN_DOCUMENTATION_COMMENTS = YES;
				CLANG_WARN_EMPTY_BODY = YES;
				CLANG_WARN_ENUM_CONVERSION = YES;
				CLANG_WARN_INFINITE_RECURSION = YES;
				CLANG_WARN_INT_CONVERSION = YES;
				CLANG_WARN_NON_LITERAL_NULL_CONVERSION = YES;
				CLANG_WARN_OBJC_IMPLICIT_RETAIN_SELF = YES;
				CLANG_WARN_OBJC_LITERAL_CONVERSION = YES;
				CLANG_WARN_OBJC_ROOT_CLASS = YES_ERROR;
				CLANG_WARN_QUOTED_INCLUDE_IN_FRAMEWORK_HEADER = YES;
				CLANG_WARN_RANGE_LOOP_ANALYSIS = YES;
				CLANG_WARN_STRICT_PROTOTYPES = YES;
				CLANG_WARN_SUSPICIOUS_MOVE = YES;
				CLANG_WARN_UNGUARDED_AVAILABILITY = YES_AGGRESSIVE;
				CLANG_WARN_UNREACHABLE_CODE = YES;
				CLANG_WARN__DUPLICATE_METHOD_MATCH = YES;
				COPY_PHASE_STRIP = NO;
				DEBUG_INFORMATION_FORMAT = "dwarf-with-dsym";
				ENABLE_NS_ASSERTIONS = NO;
				ENABLE_STRICT_OBJC_MSGSEND = YES;
				ENABLE_USER_SCRIPT_SANDBOXING = YES;
				GCC_C_LANGUAGE_STANDARD = gnu17;
				GCC_NO_COMMON_BLOCKS = YES;
				GCC_WARN_64_TO_32_BIT_CONVERSION = YES;
				GCC_WARN_ABOUT_RETURN_TYPE = YES_ERROR;
				GCC_WARN_UNDECLARED_SELECTOR = YES;
				GCC_WARN_UNINITIALIZED_AUTOS = YES_AGGRESSIVE;
				GCC_WARN_UNUSED_FUNCTION = YES;
				GCC_WARN_UNUSED_VARIABLE = YES;
				IPHONEOS_DEPLOYMENT_TARGET = 18.2;
				LOCALIZATION_PREFERS_STRING_CATALOGS = YES;
				MTL_ENABLE_DEBUG_INFO = NO;
				MTL_FAST_MATH = YES;
				SDKROOT = iphoneos;
				SWIFT_COMPILATION_MODE = wholemodule;
				VALIDATE_PRODUCT = YES;
			};
			name = Release;
		};
		F3541CFB2E67225E0013EECE /* Debug */ = {
			isa = XCBuildConfiguration;
			buildSettings = {
				ASSETCATALOG_COMPILER_APPICON_NAME = AppIcon;
				ASSETCATALOG_COMPILER_GLOBAL_ACCENT_COLOR_NAME = AccentColor;
				CODE_SIGN_STYLE = Automatic;
				CURRENT_PROJECT_VERSION = 1;
				DEVELOPMENT_ASSET_PATHS = "\"smart_roll/Preview Content\"";
				ENABLE_PREVIEWS = YES;
				GENERATE_INFOPLIST_FILE = YES;
				INFOPLIST_KEY_UIApplicationSceneManifest_Generation = YES;
				INFOPLIST_KEY_UIApplicationSupportsIndirectInputEvents = YES;
				INFOPLIST_KEY_UILaunchScreen_Generation = YES;
				INFOPLIST_KEY_UISupportedInterfaceOrientations_iPad = "UIInterfaceOrientationPortrait UIInterfaceOrientationPortraitUpsideDown UIInterfaceOrientationLandscapeLeft UIInterfaceOrientationLandscapeRight";
				INFOPLIST_KEY_UISupportedInterfaceOrientations_iPhone = "UIInterfaceOrientationPortrait UIInterfaceOrientationLandscapeLeft UIInterfaceOrientationLandscapeRight";
				LD_RUNPATH_SEARCH_PATHS = (
					"$(inherited)",
					"@executable_path/Frameworks",
				);
				MARKETING_VERSION = 1.0;
				PRODUCT_BUNDLE_IDENTIFIER = "kr.jongheeyun.smart-roll";
				PRODUCT_NAME = "$(TARGET_NAME)";
				SWIFT_EMIT_LOC_STRINGS = YES;
				SWIFT_VERSION = 5.0;
				TARGETED_DEVICE_FAMILY = "1,2";
			};
			name = Debug;
		};
		F3541CFC2E67225E0013EECE /* Release */ = {
			isa = XCBuildConfiguration;
			buildSettings = {
				ASSETCATALOG_COMPILER_APPICON_NAME = AppIcon;
				ASSETCATALOG_COMPILER_GLOBAL_ACCENT_COLOR_NAME = AccentColor;
				CODE_SIGN_STYLE = Automatic;
				CURRENT_PROJECT_VERSION = 1;
				DEVELOPMENT_ASSET_PATHS = "\"smart_roll/Preview Content\"";
				ENABLE_PREVIEWS = YES;
				GENERATE_INFOPLIST_FILE = YES;
				INFOPLIST_KEY_UIApplicationSceneManifest_Generation = YES;
				INFOPLIST_KEY_UIApplicationSupportsIndirectInputEvents = YES;
				INFOPLIST_KEY_UILaunchScreen_Generation = YES;
				INFOPLIST_KEY_UISupportedInterfaceOrientations_iPad = "UIInterfaceOrientationPortrait UIInterfaceOrientationPortraitUpsideDown UIInterfaceOrientationLandscapeLeft UIInterfaceOrientationLandscapeRight";
				INFOPLIST_KEY_UISupportedInterfaceOrientations_iPhone = "UIInterfaceOrientationPortrait UIInterfaceOrientationLandscapeLeft UIInterfaceOrientationLandscapeRight";
				LD_RUNPATH_SEARCH_PATHS = (
					"$(inherited)",
					"@executable_path/Frameworks",
				);
				MARKETING_VERSION = 1.0;
				PRODUCT_BUNDLE_IDENTIFIER = "kr.jongheeyun.smart-roll";
				PRODUCT_NAME = "$(TARGET_NAME)";
				SWIFT_EMIT_LOC_STRINGS = YES;
				SWIFT_VERSION = 5.0;
				TARGETED_DEVICE_FAMILY = "1,2";
			};
			name = Release;
		};
		F3541CFE2E67225E0013EECE /* Debug */ = {
			isa = XCBuildConfiguration;
			buildSettings = {
				BUNDLE_LOADER = "$(TEST_HOST)";
				CODE_SIGN_STYLE = Automatic;
				CURRENT_PROJECT_VERSION = 1;
				GENERATE_INFOPLIST_FILE = YES;
				IPHONEOS_DEPLOYMENT_TARGET = 18.2;
				MARKETING_VERSION = 1.0;
				PRODUCT_BUNDLE_IDENTIFIER = "kr.jongheeyun.smart-rollTests";
				PRODUCT_NAME = "$(TARGET_NAME)";
				SWIFT_EMIT_LOC_STRINGS = NO;
				SWIFT_VERSION = 5.0;
				TARGETED_DEVICE_FAMILY = "1,2";
				TEST_HOST = "$(BUILT_PRODUCTS_DIR)/smart_roll.app/$(BUNDLE_EXECUTABLE_FOLDER_PATH)/smart_roll";
			};
			name = Debug;
		};
		F3541CFF2E67225E0013EECE /* Release */ = {
			isa = XCBuildConfiguration;
			buildSettings = {
				BUNDLE_LOADER = "$(TEST_HOST)";
				CODE_SIGN_STYLE = Automatic;
				CURRENT_PROJECT_VERSION = 1;
				GENERATE_INFOPLIST_FILE = YES;
				IPHONEOS_DEPLOYMENT_TARGET = 18.2;
				MARKETING_VERSION = 1.0;
				PRODUCT_BUNDLE_IDENTIFIER = "kr.jongheeyun.smart-rollTests";
				PRODUCT_NAME = "$(TARGET_NAME)";
				SWIFT_EMIT_LOC_STRINGS = NO;
				SWIFT_VERSION = 5.0;
				TARGETED_DEVICE_FAMILY = "1,2";
				TEST_HOST = "$(BUILT_PRODUCTS_DIR)/smart_roll.app/$(BUNDLE_EXECUTABLE_FOLDER_PATH)/smart_roll";
			};
			name = Release;
		};
		F3541D012E67225E0013EECE /* Debug */ = {
			isa = XCBuildConfiguration;
			buildSettings = {
				CODE_SIGN_STYLE = Automatic;
				CURRENT_PROJECT_VERSION = 1;
				GENERATE_INFOPLIST_FILE = YES;
				MARKETING_VERSION = 1.0;
				PRODUCT_BUNDLE_IDENTIFIER = "kr.jongheeyun.smart-rollUITests";
				PRODUCT_NAME = "$(TARGET_NAME)";
				SWIFT_EMIT_LOC_STRINGS = NO;
				SWIFT_VERSION = 5.0;
				TARGETED_DEVICE_FAMILY = "1,2";
				TEST_TARGET_NAME = smart_roll;
			};
			name = Debug;
		};
		F3541D022E67225E0013EECE /* Release */ = {
			isa = XCBuildConfiguration;
			buildSettings = {
				CODE_SIGN_STYLE = Automatic;
				CURRENT_PROJECT_VERSION = 1;
				GENERATE_INFOPLIST_FILE = YES;
				MARKETING_VERSION = 1.0;
				PRODUCT_BUNDLE_IDENTIFIER = "kr.jongheeyun.smart-rollUITests";
				PRODUCT_NAME = "$(TARGET_NAME)";
				SWIFT_EMIT_LOC_STRINGS = NO;
				SWIFT_VERSION = 5.0;
				TARGETED_DEVICE_FAMILY = "1,2";
				TEST_TARGET_NAME = smart_roll;
			};
			name = Release;
		};
/* End XCBuildConfiguration section */

/* Begin XCConfigurationList section */
		F3541CD12E67225D0013EECE /* Build configuration list for PBXProject "smart_roll" */ = {
			isa = XCConfigurationList;
			buildConfigurations = (
				F3541CF82E67225E0013EECE /* Debug */,
				F3541CF92E67225E0013EECE /* Release */,
			);
			defaultConfigurationIsVisible = 0;
			defaultConfigurationName = Release;
		};
		F3541CFA2E67225E0013EECE /* Build configuration list for PBXNativeTarget "smart_roll" */ = {
			isa = XCConfigurationList;
			buildConfigurations = (
				F3541CFB2E67225E0013EECE /* Debug */,
				F3541CFC2E67225E0013EECE /* Release */,
			);
			defaultConfigurationIsVisible = 0;
			defaultConfigurationName = Release;
		};
		F3541CFD2E67225E0013EECE /* Build configuration list for PBXNativeTarget "smart_rollTests" */ = {
			isa = XCConfigurationList;
			buildConfigurations = (
				F3541CFE2E67225E0013EECE /* Debug */,
				F3541CFF2E67225E0013EECE /* Release */,
			);
			defaultConfigurationIsVisible = 0;
			defaultConfigurationName = Release;
		};
		F3541D002E67225E0013EECE /* Build configuration list for PBXNativeTarget "smart_rollUITests" */ = {
			isa = XCConfigurationList;
			buildConfigurations = (
				F3541D012E67225E0013EECE /* Debug */,
				F3541D022E67225E0013EECE /* Release */,
			);
			defaultConfigurationIsVisible = 0;
			defaultConfigurationName = Release;
		};
/* End XCConfigurationList section */
	};
	rootObject = F3541CCE2E67225D0013EECE /* Project object */;
}
